
Microsoft Visual Studio Solution File, Format Version 12.00
# Visual Studio Version 17
VisualStudioVersion = 17.4.33213.308
MinimumVisualStudioVersion = 10.0.40219.1
Project("{FAE04EC0-301F-11D3-BF4B-00C04F79EFBC}") = "JopApp", "JopApp\JopApp.csproj", "{E1121ED8-6A95-424D-B5C1-CB5574F00BA2}"
EndProject
Global
	GlobalSection(SolutionConfigurationPlatforms) = preSolution
		Debug|Any CPU = Debug|Any CPU
		Release|Any CPU = Release|Any CPU
	EndGlobalSection
	GlobalSection(ProjectConfigurationPlatforms) = postSolution
		{E1121ED8-6A95-424D-B5C1-CB5574F00BA2}.Debug|Any CPU.ActiveCfg = Debug|Any CPU
		{E1121ED8-6A95-424D-B5C1-CB5574F00BA2}.Debug|Any CPU.Build.0 = Debug|Any CPU
		{E1121ED8-6A95-424D-B5C1-CB5574F00BA2}.Release|Any CPU.ActiveCfg = Release|Any CPU
		{E1121ED8-6A95-424D-B5C1-CB5574F00BA2}.Release|Any CPU.Build.0 = Release|Any CPU
	EndGlobalSection
	GlobalSection(SolutionProperties) = preSolution
		HideSolutionNode = FALSE
	EndGlobalSection
	GlobalSection(ExtensibilityGlobals) = postSolution
		SolutionGuid = {0CC540AB-0DF2-4D85-96BF-AF7271CBB4BC}
	EndGlobalSection
EndGlobal
